
Microsoft Visual Studio Solution File, Format Version 12.00
# Visual Studio Version 16
VisualStudioVersion = 16.0.31313.79
MinimumVisualStudioVersion = 10.0.40219.1
Project("{FAE04EC0-301F-11D3-BF4B-00C04F79EFBC}") = "Academia", "Academia\Academia.csproj", "{406BB6EB-D8DB-4C95-AB83-D1E27255FE16}"
EndProject
Global
	GlobalSection(SolutionConfigurationPlatforms) = preSolution
		Debug|Any CPU = Debug|Any CPU
		Release|Any CPU = Release|Any CPU
	EndGlobalSection
	GlobalSection(ProjectConfigurationPlatforms) = postSolution
		{406BB6EB-D8DB-4C95-AB83-D1E27255FE16}.Debug|Any CPU.ActiveCfg = Debug|Any CPU
		{406BB6EB-D8DB-4C95-AB83-D1E27255FE16}.Debug|Any CPU.Build.0 = Debug|Any CPU
		{406BB6EB-D8DB-4C95-AB83-D1E27255FE16}.Release|Any CPU.ActiveCfg = Release|Any CPU
		{406BB6EB-D8DB-4C95-AB83-D1E27255FE16}.Release|Any CPU.Build.0 = Release|Any CPU
	EndGlobalSection
	GlobalSection(SolutionProperties) = preSolution
		HideSolutionNode = FALSE
	EndGlobalSection
	GlobalSection(ExtensibilityGlobals) = postSolution
		SolutionGuid = {74EFB25B-A9D3-4C35-86C9-4EDDE453FF55}
	EndGlobalSection
EndGlobal
